
Microsoft Visual Studio Solution File, Format Version 12.00
# Visual Studio Version 16
VisualStudioVersion = 16.0.30320.27
MinimumVisualStudioVersion = 10.0.40219.1
Project("{FAE04EC0-301F-11D3-BF4B-00C04F79EFBC}") = "PrivacyPolicyLinks.Android", "PrivacyPolicyLinks\PrivacyPolicyLinks.Android\PrivacyPolicyLinks.Android.csproj", "{48D7B8F5-DA6A-4755-9DDF-6572B6968317}"
EndProject
Project("{FAE04EC0-301F-11D3-BF4B-00C04F79EFBC}") = "PrivacyPolicyLinks.iOS", "PrivacyPolicyLinks\PrivacyPolicyLinks.iOS\PrivacyPolicyLinks.iOS.csproj", "{8F65F506-F907-4DFB-9293-7F17D847DD90}"
EndProject
Project("{FAE04EC0-301F-11D3-BF4B-00C04F79EFBC}") = "PrivacyPolicyLinks", "PrivacyPolicyLinks\PrivacyPolicyLinks\PrivacyPolicyLinks.csproj", "{9E9DB48E-7007-4C63-8894-71285D6943F4}"
EndProject
Global
	GlobalSection(SolutionConfigurationPlatforms) = preSolution
		Debug|Any CPU = Debug|Any CPU
		Debug|iPhone = Debug|iPhone
		Debug|iPhoneSimulator = Debug|iPhoneSimulator
		Release|Any CPU = Release|Any CPU
		Release|iPhone = Release|iPhone
		Release|iPhoneSimulator = Release|iPhoneSimulator
	EndGlobalSection
	GlobalSection(ProjectConfigurationPlatforms) = postSolution
		{48D7B8F5-DA6A-4755-9DDF-6572B6968317}.Debug|Any CPU.ActiveCfg = Debug|Any CPU
		{48D7B8F5-DA6A-4755-9DDF-6572B6968317}.Debug|Any CPU.Build.0 = Debug|Any CPU
		{48D7B8F5-DA6A-4755-9DDF-6572B6968317}.Debug|Any CPU.Deploy.0 = Debug|Any CPU
		{48D7B8F5-DA6A-4755-9DDF-6572B6968317}.Debug|iPhone.ActiveCfg = Debug|Any CPU
		{48D7B8F5-DA6A-4755-9DDF-6572B6968317}.Debug|iPhone.Build.0 = Debug|Any CPU
		{48D7B8F5-DA6A-4755-9DDF-6572B6968317}.Debug|iPhone.Deploy.0 = Debug|Any CPU
		{48D7B8F5-DA6A-4755-9DDF-6572B6968317}.Debug|iPhoneSimulator.ActiveCfg = Debug|Any CPU
		{48D7B8F5-DA6A-4755-9DDF-6572B6968317}.Debug|iPhoneSimulator.Build.0 = Debug|Any CPU
		{48D7B8F5-DA6A-4755-9DDF-6572B6968317}.Debug|iPhoneSimulator.Deploy.0 = Debug|Any CPU
		{48D7B8F5-DA6A-4755-9DDF-6572B6968317}.Release|Any CPU.ActiveCfg = Release|Any CPU
		{48D7B8F5-DA6A-4755-9DDF-6572B6968317}.Release|Any CPU.Build.0 = Release|Any CPU
		{48D7B8F5-DA6A-4755-9DDF-6572B6968317}.Release|Any CPU.Deploy.0 = Release|Any CPU
		{48D7B8F5-DA6A-4755-9DDF-6572B6968317}.Release|iPhone.ActiveCfg = Release|Any CPU
		{48D7B8F5-DA6A-4755-9DDF-6572B6968317}.Release|iPhone.Build.0 = Release|Any CPU
		{48D7B8F5-DA6A-4755-9DDF-6572B6968317}.Release|iPhone.Deploy.0 = Release|Any CPU
		{48D7B8F5-DA6A-4755-9DDF-6572B6968317}.Release|iPhoneSimulator.ActiveCfg = Release|Any CPU
		{48D7B8F5-DA6A-4755-9DDF-6572B6968317}.Release|iPhoneSimulator.Build.0 = Release|Any CPU
		{48D7B8F5-DA6A-4755-9DDF-6572B6968317}.Release|iPhoneSimulator.Deploy.0 = Release|Any CPU
		{8F65F506-F907-4DFB-9293-7F17D847DD90}.Debug|Any CPU.ActiveCfg = Debug|iPhone
		{8F65F506-F907-4DFB-9293-7F17D847DD90}.Debug|Any CPU.Build.0 = Debug|iPhone
		{8F65F506-F907-4DFB-9293-7F17D847DD90}.Debug|Any CPU.Deploy.0 = Debug|iPhone
		{8F65F506-F907-4DFB-9293-7F17D847DD90}.Debug|iPhone.ActiveCfg = Debug|iPhone
		{8F65F506-F907-4DFB-9293-7F17D847DD90}.Debug|iPhone.Build.0 = Debug|iPhone
		{8F65F506-F907-4DFB-9293-7F17D847DD90}.Debug|iPhone.Deploy.0 = Debug|iPhone
		{8F65F506-F907-4DFB-9293-7F17D847DD90}.Debug|iPhoneSimulator.ActiveCfg = Debug|iPhoneSimulator
		{8F65F506-F907-4DFB-9293-7F17D847DD90}.Debug|iPhoneSimulator.Build.0 = Debug|iPhoneSimulator
		{8F65F506-F907-4DFB-9293-7F17D847DD90}.Debug|iPhoneSimulator.Deploy.0 = Debug|iPhoneSimulator
		{8F65F506-F907-4DFB-9293-7F17D847DD90}.Release|Any CPU.ActiveCfg = Release|iPhone
		{8F65F506-F907-4DFB-9293-7F17D847DD90}.Release|Any CPU.Build.0 = Release|iPhone
		{8F65F506-F907-4DFB-9293-7F17D847DD90}.Release|Any CPU.Deploy.0 = Release|iPhone
		{8F65F506-F907-4DFB-9293-7F17D847DD90}.Release|iPhone.ActiveCfg = Release|iPhone
		{8F65F506-F907-4DFB-9293-7F17D847DD90}.Release|iPhone.Build.0 = Release|iPhone
		{8F65F506-F907-4DFB-9293-7F17D847DD90}.Release|iPhone.Deploy.0 = Release|iPhone
		{8F65F506-F907-4DFB-9293-7F17D847DD90}.Release|iPhoneSimulator.ActiveCfg = Release|iPhoneSimulator
		{8F65F506-F907-4DFB-9293-7F17D847DD90}.Release|iPhoneSimulator.Build.0 = Release|iPhoneSimulator
		{8F65F506-F907-4DFB-9293-7F17D847DD90}.Release|iPhoneSimulator.Deploy.0 = Release|iPhoneSimulator
		{9E9DB48E-7007-4C63-8894-71285D6943F4}.Debug|Any CPU.ActiveCfg = Debug|Any CPU
		{9E9DB48E-7007-4C63-8894-71285D6943F4}.Debug|Any CPU.Build.0 = Debug|Any CPU
		{9E9DB48E-7007-4C63-8894-71285D6943F4}.Debug|Any CPU.Deploy.0 = Debug|Any CPU
		{9E9DB48E-7007-4C63-8894-71285D6943F4}.Debug|iPhone.ActiveCfg = Debug|Any CPU
		{9E9DB48E-7007-4C63-8894-71285D6943F4}.Debug|iPhone.Build.0 = Debug|Any CPU
		{9E9DB48E-7007-4C63-8894-71285D6943F4}.Debug|iPhone.Deploy.0 = Debug|Any CPU
		{9E9DB48E-7007-4C63-8894-71285D6943F4}.Debug|iPhoneSimulator.ActiveCfg = Debug|Any CPU
		{9E9DB48E-7007-4C63-8894-71285D6943F4}.Debug|iPhoneSimulator.Build.0 = Debug|Any CPU
		{9E9DB48E-7007-4C63-8894-71285D6943F4}.Debug|iPhoneSimulator.Deploy.0 = Debug|Any CPU
		{9E9DB48E-7007-4C63-8894-71285D6943F4}.Release|Any CPU.ActiveCfg = Release|Any CPU
		{9E9DB48E-7007-4C63-8894-71285D6943F4}.Release|Any CPU.Build.0 = Release|Any CPU
		{9E9DB48E-7007-4C63-8894-71285D6943F4}.Release|Any CPU.Deploy.0 = Release|Any CPU
		{9E9DB48E-7007-4C63-8894-71285D6943F4}.Release|iPhone.ActiveCfg = Release|Any CPU
		{9E9DB48E-7007-4C63-8894-71285D6943F4}.Release|iPhone.Build.0 = Release|Any CPU
		{9E9DB48E-7007-4C63-8894-71285D6943F4}.Release|iPhone.Deploy.0 = Release|Any CPU
		{9E9DB48E-7007-4C63-8894-71285D6943F4}.Release|iPhoneSimulator.ActiveCfg = Release|Any CPU
		{9E9DB48E-7007-4C63-8894-71285D6943F4}.Release|iPhoneSimulator.Build.0 = Release|Any CPU
		{9E9DB48E-7007-4C63-8894-71285D6943F4}.Release|iPhoneSimulator.Deploy.0 = Release|Any CPU
	EndGlobalSection
	GlobalSection(SolutionProperties) = preSolution
		HideSolutionNode = FALSE
	EndGlobalSection
	GlobalSection(ExtensibilityGlobals) = postSolution
		SolutionGuid = {FE46D659-4CAC-4C96-BAB6-CFC77578029D}
	EndGlobalSection
EndGlobal
